
Microsoft Visual Studio Solution File, Format Version 12.00
# Visual Studio Version 16
VisualStudioVersion = 16.0.29728.190
MinimumVisualStudioVersion = 10.0.40219.1
Project("{FAE04EC0-301F-11D3-BF4B-00C04F79EFBC}") = "OpenCVWorkingTest", "OpenCVWorkingTest\OpenCVWorkingTest.csproj", "{FC1B8B77-683F-44CF-BEE2-8B444E133E8B}"
EndProject
Project("{FAE04EC0-301F-11D3-BF4B-00C04F79EFBC}") = "Camera-EMGU-WPFSample", "OpenCVWorkingTest\WPF-CameraChangeComboBox\Camera-EMGU-WPFSample.csproj", "{84EE458B-8E73-419E-988D-1AB34FE90A50}"
EndProject
Global
	GlobalSection(SolutionConfigurationPlatforms) = preSolution
		Debug|Any CPU = Debug|Any CPU
		Debug|x64 = Debug|x64
		Release|Any CPU = Release|Any CPU
		Release|x64 = Release|x64
	EndGlobalSection
	GlobalSection(ProjectConfigurationPlatforms) = postSolution
		{FC1B8B77-683F-44CF-BEE2-8B444E133E8B}.Debug|Any CPU.ActiveCfg = Debug|Any CPU
		{FC1B8B77-683F-44CF-BEE2-8B444E133E8B}.Debug|Any CPU.Build.0 = Debug|Any CPU
		{FC1B8B77-683F-44CF-BEE2-8B444E133E8B}.Debug|x64.ActiveCfg = Debug|Any CPU
		{FC1B8B77-683F-44CF-BEE2-8B444E133E8B}.Debug|x64.Build.0 = Debug|Any CPU
		{FC1B8B77-683F-44CF-BEE2-8B444E133E8B}.Release|Any CPU.ActiveCfg = Release|Any CPU
		{FC1B8B77-683F-44CF-BEE2-8B444E133E8B}.Release|Any CPU.Build.0 = Release|Any CPU
		{FC1B8B77-683F-44CF-BEE2-8B444E133E8B}.Release|x64.ActiveCfg = Release|Any CPU
		{FC1B8B77-683F-44CF-BEE2-8B444E133E8B}.Release|x64.Build.0 = Release|Any CPU
		{84EE458B-8E73-419E-988D-1AB34FE90A50}.Debug|Any CPU.ActiveCfg = Debug|Any CPU
		{84EE458B-8E73-419E-988D-1AB34FE90A50}.Debug|Any CPU.Build.0 = Debug|Any CPU
		{84EE458B-8E73-419E-988D-1AB34FE90A50}.Debug|x64.ActiveCfg = Debug|x64
		{84EE458B-8E73-419E-988D-1AB34FE90A50}.Debug|x64.Build.0 = Debug|x64
		{84EE458B-8E73-419E-988D-1AB34FE90A50}.Release|Any CPU.ActiveCfg = Release|Any CPU
		{84EE458B-8E73-419E-988D-1AB34FE90A50}.Release|Any CPU.Build.0 = Release|Any CPU
		{84EE458B-8E73-419E-988D-1AB34FE90A50}.Release|x64.ActiveCfg = Release|x64
		{84EE458B-8E73-419E-988D-1AB34FE90A50}.Release|x64.Build.0 = Release|x64
	EndGlobalSection
	GlobalSection(SolutionProperties) = preSolution
		HideSolutionNode = FALSE
	EndGlobalSection
	GlobalSection(ExtensibilityGlobals) = postSolution
		SolutionGuid = {6EF6C133-5D5D-4EEC-BBD4-374BC0C5BA5A}
	EndGlobalSection
EndGlobal
